
Microsoft Visual Studio Solution File, Format Version 12.00
# Visual Studio 2013
VisualStudioVersion = 12.0.31101.0
MinimumVisualStudioVersion = 10.0.40219.1
Project("{FAE04EC0-301F-11D3-BF4B-00C04F79EFBC}") = "WcfServiceExample", "WcfServiceExample\WcfServiceExample.csproj", "{25035368-E6B9-4E5C-AB2C-F7DACFC5D9F0}"
EndProject
Project("{FAE04EC0-301F-11D3-BF4B-00C04F79EFBC}") = "Client", "Client\Client.csproj", "{0C19B799-4937-4A32-80AA-E6586978463B}"
	ProjectSection(ProjectDependencies) = postProject
		{25035368-E6B9-4E5C-AB2C-F7DACFC5D9F0} = {25035368-E6B9-4E5C-AB2C-F7DACFC5D9F0}
	EndProjectSection
EndProject
Global
	GlobalSection(SolutionConfigurationPlatforms) = preSolution
		Debug|Any CPU = Debug|Any CPU
		Release|Any CPU = Release|Any CPU
	EndGlobalSection
	GlobalSection(ProjectConfigurationPlatforms) = postSolution
		{25035368-E6B9-4E5C-AB2C-F7DACFC5D9F0}.Debug|Any CPU.ActiveCfg = Debug|Any CPU
		{25035368-E6B9-4E5C-AB2C-F7DACFC5D9F0}.Debug|Any CPU.Build.0 = Debug|Any CPU
		{25035368-E6B9-4E5C-AB2C-F7DACFC5D9F0}.Release|Any CPU.ActiveCfg = Release|Any CPU
		{25035368-E6B9-4E5C-AB2C-F7DACFC5D9F0}.Release|Any CPU.Build.0 = Release|Any CPU
		{0C19B799-4937-4A32-80AA-E6586978463B}.Debug|Any CPU.ActiveCfg = Debug|Any CPU
		{0C19B799-4937-4A32-80AA-E6586978463B}.Debug|Any CPU.Build.0 = Debug|Any CPU
		{0C19B799-4937-4A32-80AA-E6586978463B}.Release|Any CPU.ActiveCfg = Release|Any CPU
		{0C19B799-4937-4A32-80AA-E6586978463B}.Release|Any CPU.Build.0 = Release|Any CPU
	EndGlobalSection
	GlobalSection(SolutionProperties) = preSolution
		HideSolutionNode = FALSE
	EndGlobalSection
EndGlobal
